// !$*UTF8*$!
{
	archiveVersion = 1;
	classes = {
	};
	objectVersion = 50;
	objects = {

/* Begin PBXBuildFile section */
		49EB52532685E9EF0043639A /* AppDelegate.swift in Sources */ = {isa = PBXBuildFile; fileRef = 49EB52522685E9EF0043639A /* AppDelegate.swift */; };
		49EB52552685E9EF0043639A /* SceneDelegate.swift in Sources */ = {isa = PBXBuildFile; fileRef = 49EB52542685E9EF0043639A /* SceneDelegate.swift */; };
		49EB52572685E9EF0043639A /* ViewController.swift in Sources */ = {isa = PBXBuildFile; fileRef = 49EB52562685E9EF0043639A /* ViewController.swift */; };
		49EB525A2685E9EF0043639A /* Main.storyboard in Resources */ = {isa = PBXBuildFile; fileRef = 49EB52582685E9EF0043639A /* Main.storyboard */; };
		49EB525C2685E9F10043639A /* Assets.xcassets in Resources */ = {isa = PBXBuildFile; fileRef = 49EB525B2685E9F10043639A /* Assets.xcassets */; };
		49EB525F2685E9F10043639A /* LaunchScreen.storyboard in Resources */ = {isa = PBXBuildFile; fileRef = 49EB525D2685E9F10043639A /* LaunchScreen.storyboard */; };
/* End PBXBuildFile section */

/* Begin PBXFileReference section */
		49EB524F2685E9EF0043639A /* Technical_Task_For_Flypika.app */ = {isa = PBXFileReference; explicitFileType = wrapper.application; includeInIndex = 0; path = Technical_Task_For_Flypika.app; sourceTree = BUILT_PRODUCTS_DIR; };
		49EB52522685E9EF0043639A /* AppDelegate.swift */ = {isa = PBXFileReference; lastKnownFileType = sourcecode.swift; path = AppDelegate.swift; sourceTree = "<group>"; };
		49EB52542685E9EF0043639A /* SceneDelegate.swift */ = {isa = PBXFileReference; lastKnownFileType = sourcecode.swift; path = SceneDelegate.swift; sourceTree = "<group>"; };
		49EB52562685E9EF0043639A /* ViewController.swift */ = {isa = PBXFileReference; lastKnownFileType = sourcecode.swift; path = ViewController.swift; sourceTree = "<group>"; };
		49EB52592685E9EF0043639A /* Base */ = {isa = PBXFileReference; lastKnownFileType = file.storyboard; name = Base; path = Base.lproj/Main.storyboard; sourceTree = "<group>"; };
		49EB525B2685E9F10043639A /* Assets.xcassets */ = {isa = PBXFileReference; lastKnownFileType = folder.assetcatalog; path = Assets.xcassets; sourceTree = "<group>"; };
		49EB525E2685E9F10043639A /* Base */ = {isa = PBXFileReference; lastKnownFileType = file.storyboard; name = Base; path = Base.lproj/LaunchScreen.storyboard; sourceTree = "<group>"; };
		49EB52602685E9F10043639A /* Info.plist */ = {isa = PBXFileReference; lastKnownFileType = text.plist.xml; path = Info.plist; sourceTree = "<group>"; };
/* End PBXFileReference section */

/* Begin PBXFrameworksBuildPhase section */
		49EB524C2685E9EF0043639A /* Frameworks */ = {
			isa = PBXFrameworksBuildPhase;
			buildActionMask = 2147483647;
			files = (
			);
			runOnlyForDeploymentPostprocessing = 0;
		};
/* End PBXFrameworksBuildPhase section */

/* Begin PBXGroup section */
		49EB52462685E9EF0043639A = {
			isa = PBXGroup;
			children = (
				49EB52512685E9EF0043639A /* Technical_Task_For_Flypika */,
				49EB52502685E9EF0043639A /* Products */,
			);
			sourceTree = "<group>";
		};
		49EB52502685E9EF0043639A /* Products */ = {
			isa = PBXGroup;
			children = (
				49EB524F2685E9EF0043639A /* Technical_Task_For_Flypika.app */,
			);
			name = Products;
			sourceTree = "<group>";
		};
		49EB52512685E9EF0043639A /* Technical_Task_For_Flypika */ = {
			isa = PBXGroup;
			children = (
				49EB52672685EA0E0043639A /* Application */,
				49EB52662685E9FC0043639A /* Main */,
				49EB525B2685E9F10043639A /* Assets.xcassets */,
				49EB525D2685E9F10043639A /* LaunchScreen.storyboard */,
				49EB52602685E9F10043639A /* Info.plist */,
			);
			path = Technical_Task_For_Flypika;
			sourceTree = "<group>";
		};
		49EB52662685E9FC0043639A /* Main */ = {
			isa = PBXGroup;
			children = (
				49EB52562685E9EF0043639A /* ViewController.swift */,
				49EB52582685E9EF0043639A /* Main.storyboard */,
			);
			path = Main;
			sourceTree = "<group>";
		};
		49EB52672685EA0E0043639A /* Application */ = {
			isa = PBXGroup;
			children = (
				49EB52522685E9EF0043639A /* AppDelegate.swift */,
				49EB52542685E9EF0043639A /* SceneDelegate.swift */,
			);
			path = Application;
			sourceTree = "<group>";
		};
/* End PBXGroup section */

/* Begin PBXNativeTarget section */
		49EB524E2685E9EF0043639A /* Technical_Task_For_Flypika */ = {
			isa = PBXNativeTarget;
			buildConfigurationList = 49EB52632685E9F10043639A /* Build configuration list for PBXNativeTarget "Technical_Task_For_Flypika" */;
			buildPhases = (
				49EB524B2685E9EF0043639A /* Sources */,
				49EB524C2685E9EF0043639A /* Frameworks */,
				49EB524D2685E9EF0043639A /* Resources */,
			);
			buildRules = (
			);
			dependencies = (
			);
			name = Technical_Task_For_Flypika;
			productName = Technical_Task_For_Flypika;
			productReference = 49EB524F2685E9EF0043639A /* Technical_Task_For_Flypika.app */;
			productType = "com.apple.product-type.application";
		};
/* End PBXNativeTarget section */

/* Begin PBXProject section */
		49EB52472685E9EF0043639A /* Project object */ = {
			isa = PBXProject;
			attributes = {
				LastSwiftUpdateCheck = 1250;
				LastUpgradeCheck = 1250;
				TargetAttributes = {
					49EB524E2685E9EF0043639A = {
						CreatedOnToolsVersion = 12.5.1;
					};
				};
			};
			buildConfigurationList = 49EB524A2685E9EF0043639A /* Build configuration list for PBXProject "Technical_Task_For_Flypika" */;
			compatibilityVersion = "Xcode 9.3";
			developmentRegion = en;
			hasScannedForEncodings = 0;
			knownRegions = (
				en,
				Base,
			);
			mainGroup = 49EB52462685E9EF0043639A;
			productRefGroup = 49EB52502685E9EF0043639A /* Products */;
			projectDirPath = "";
			projectRoot = "";
			targets = (
				49EB524E2685E9EF0043639A /* Technical_Task_For_Flypika */,
			);
		};
/* End PBXProject section */

/* Begin PBXResourcesBuildPhase section */
		49EB524D2685E9EF0043639A /* Resources */ = {
			isa = PBXResourcesBuildPhase;
			buildActionMask = 2147483647;
			files = (
				49EB525F2685E9F10043639A /* LaunchScreen.storyboard in Resources */,
				49EB525C2685E9F10043639A /* Assets.xcassets in Resources */,
				49EB525A2685E9EF0043639A /* Main.storyboard in Resources */,
			);
			runOnlyForDeploymentPostprocessing = 0;
		};
/* End PBXResourcesBuildPhase section */

/* Begin PBXSourcesBuildPhase section */
		49EB524B2685E9EF0043639A /* Sources */ = {
			isa = PBXSourcesBuildPhase;
			buildActionMask = 2147483647;
			files = (
				49EB52572685E9EF0043639A /* ViewController.swift in Sources */,
				49EB52532685E9EF0043639A /* AppDelegate.swift in Sources */,
				49EB52552685E9EF0043639A /* SceneDelegate.swift in Sources */,
			);
			runOnlyForDeploymentPostprocessing = 0;
		};
/* End PBXSourcesBuildPhase section */

/* Begin PBXVariantGroup section */
		49EB52582685E9EF0043639A /* Main.storyboard */ = {
			isa = PBXVariantGroup;
			children = (
				49EB52592685E9EF0043639A /* Base */,
			);
			name = Main.storyboard;
			sourceTree = "<group>";
		};
		49EB525D2685E9F10043639A /* LaunchScreen.storyboard */ = {
			isa = PBXVariantGroup;
			children = (
				49EB525E2685E9F10043639A /* Base */,
			);
			name = LaunchScreen.storyboard;
			sourceTree = "<group>";
		};
/* End PBXVariantGroup section */

/* Begin XCBuildConfiguration section */
		49EB52612685E9F10043639A /* Debug */ = {
			isa = XCBuildConfiguration;
			buildSettings = {
				ALWAYS_SEARCH_USER_PATHS = NO;
				CLANG_ANALYZER_NONNULL = YES;
				CLANG_ANALYZER_NUMBER_OBJECT_CONVERSION = YES_AGGRESSIVE;
				CLANG_CXX_LANGUAGE_STANDARD = "gnu++14";
				CLANG_CXX_LIBRARY = "libc++";
				CLANG_ENABLE_MODULES = YES;
				CLANG_ENABLE_OBJC_ARC = YES;
				CLANG_ENABLE_OBJC_WEAK = YES;
				CLANG_WARN_BLOCK_CAPTURE_AUTORELEASING = YES;
				CLANG_WARN_BOOL_CONVERSION = YES;
				CLANG_WARN_COMMA = YES;
				CLANG_WARN_CONSTANT_CONVERSION = YES;
				CLANG_WARN_DEPRECATED_OBJC_IMPLEMENTATIONS = YES;
				CLANG_WARN_DIRECT_OBJC_ISA_USAGE = YES_ERROR;
				CLANG_WARN_DOCUMENTATION_COMMENTS = YES;
				CLANG_WARN_EMPTY_BODY = YES;
				CLANG_WARN_ENUM_CONVERSION = YES;
				CLANG_WARN_INFINITE_RECURSION = YES;
				CLANG_WARN_INT_CONVERSION = YES;
				CLANG_WARN_NON_LITERAL_NULL_CONVERSION = YES;
				CLANG_WARN_OBJC_IMPLICIT_RETAIN_SELF = YES;
				CLANG_WARN_OBJC_LITERAL_CONVERSION = YES;
				CLANG_WARN_OBJC_ROOT_CLASS = YES_ERROR;
				CLANG_WARN_QUOTED_INCLUDE_IN_FRAMEWORK_HEADER = YES;
				CLANG_WARN_RANGE_LOOP_ANALYSIS = YES;
				CLANG_WARN_STRICT_PROTOTYPES = YES;
				CLANG_WARN_SUSPICIOUS_MOVE = YES;
				CLANG_WARN_UNGUARDED_AVAILABILITY = YES_AGGRESSIVE;
				CLANG_WARN_UNREACHABLE_CODE = YES;
				CLANG_WARN__DUPLICATE_METHOD_MATCH = YES;
				COPY_PHASE_STRIP = NO;
				DEBUG_INFORMATION_FORMAT = dwarf;
				ENABLE_STRICT_OBJC_MSGSEND = YES;
				ENABLE_TESTABILITY = YES;
				GCC_C_LANGUAGE_STANDARD = gnu11;
				GCC_DYNAMIC_NO_PIC = NO;
				GCC_NO_COMMON_BLOCKS = YES;
				GCC_OPTIMIZATION_LEVEL = 0;
				GCC_PREPROCESSOR_DEFINITIONS = (
					"DEBUG=1",
					"$(inherited)",
				);
				GCC_WARN_64_TO_32_BIT_CONVERSION = YES;
				GCC_WARN_ABOUT_RETURN_TYPE = YES_ERROR;
				GCC_WARN_UNDECLARED_SELECTOR = YES;
				GCC_WARN_UNINITIALIZED_AUTOS = YES_AGGRESSIVE;
				GCC_WARN_UNUSED_FUNCTION = YES;
				GCC_WARN_UNUSED_VARIABLE = YES;
				IPHONEOS_DEPLOYMENT_TARGET = 14.5;
				MTL_ENABLE_DEBUG_INFO = INCLUDE_SOURCE;
				MTL_FAST_MATH = YES;
				ONLY_ACTIVE_ARCH = YES;
				SDKROOT = iphoneos;
				SWIFT_ACTIVE_COMPILATION_CONDITIONS = DEBUG;
				SWIFT_OPTIMIZATION_LEVEL = "-Onone";
			};
			name = Debug;
		};
		49EB52622685E9F10043639A /* Release */ = {
			isa = XCBuildConfiguration;
			buildSettings = {
				ALWAYS_SEARCH_USER_PATHS = NO;
				CLANG_ANALYZER_NONNULL = YES;
				CLANG_ANALYZER_NUMBER_OBJECT_CONVERSION = YES_AGGRESSIVE;
				CLANG_CXX_LANGUAGE_STANDARD = "gnu++14";
				CLANG_CXX_LIBRARY = "libc++";
				CLANG_ENABLE_MODULES = YES;
				CLANG_ENABLE_OBJC_ARC = YES;
				CLANG_ENABLE_OBJC_WEAK = YES;
				CLANG_WARN_BLOCK_CAPTURE_AUTORELEASING = YES;
				CLANG_WARN_BOOL_CONVERSION = YES;
				CLANG_WARN_COMMA = YES;
				CLANG_WARN_CONSTANT_CONVERSION = YES;
				CLANG_WARN_DEPRECATED_OBJC_IMPLEMENTATIONS = YES;
				CLANG_WARN_DIRECT_OBJC_ISA_USAGE = YES_ERROR;
				CLANG_WARN_DOCUMENTATION_COMMENTS = YES;
				CLANG_WARN_EMPTY_BODY = YES;
				CLANG_WARN_ENUM_CONVERSION = YES;
				CLANG_WARN_INFINITE_RECURSION = YES;
				CLANG_WARN_INT_CONVERSION = YES;
				CLANG_WARN_NON_LITERAL_NULL_CONVERSION = YES;
				CLANG_WARN_OBJC_IMPLICIT_RETAIN_SELF = YES;
				CLANG_WARN_OBJC_LITERAL_CONVERSION = YES;
				CLANG_WARN_OBJC_ROOT_CLASS = YES_ERROR;
				CLANG_WARN_QUOTED_INCLUDE_IN_FRAMEWORK_HEADER = YES;
				CLANG_WARN_RANGE_LOOP_ANALYSIS = YES;
				CLANG_WARN_STRICT_PROTOTYPES = YES;
				CLANG_WARN_SUSPICIOUS_MOVE = YES;
				CLANG_WARN_UNGUARDED_AVAILABILITY = YES_AGGRESSIVE;
				CLANG_WARN_UNREACHABLE_CODE = YES;
				CLANG_WARN__DUPLICATE_METHOD_MATCH = YES;
				COPY_PHASE_STRIP = NO;
				DEBUG_INFORMATION_FORMAT = "dwarf-with-dsym";
				ENABLE_NS_ASSERTIONS = NO;
				ENABLE_STRICT_OBJC_MSGSEND = YES;
				GCC_C_LANGUAGE_STANDARD = gnu11;
				GCC_NO_COMMON_BLOCKS = YES;
				GCC_WARN_64_TO_32_BIT_CONVERSION = YES;
				GCC_WARN_ABOUT_RETURN_TYPE = YES_ERROR;
				GCC_WARN_UNDECLARED_SELECTOR = YES;
				GCC_WARN_UNINITIALIZED_AUTOS = YES_AGGRESSIVE;
				GCC_WARN_UNUSED_FUNCTION = YES;
				GCC_WARN_UNUSED_VARIABLE = YES;
				IPHONEOS_DEPLOYMENT_TARGET = 14.5;
				MTL_ENABLE_DEBUG_INFO = NO;
				MTL_FAST_MATH = YES;
				SDKROOT = iphoneos;
				SWIFT_COMPILATION_MODE = wholemodule;
				SWIFT_OPTIMIZATION_LEVEL = "-O";
				VALIDATE_PRODUCT = YES;
			};
			name = Release;
		};
		49EB52642685E9F10043639A /* Debug */ = {
			isa = XCBuildConfiguration;
			buildSettings = {
				ASSETCATALOG_COMPILER_APPICON_NAME = AppIcon;
				ASSETCATALOG_COMPILER_GLOBAL_ACCENT_COLOR_NAME = AccentColor;
				CODE_SIGN_STYLE = Automatic;
				DEVELOPMENT_TEAM = 4D59855NLU;
				INFOPLIST_FILE = Technical_Task_For_Flypika/Info.plist;
				LD_RUNPATH_SEARCH_PATHS = (
					"$(inherited)",
					"@executable_path/Frameworks",
				);
				PRODUCT_BUNDLE_IDENTIFIER = "BGP.Technical-Task-For-Flypika";
				PRODUCT_NAME = "$(TARGET_NAME)";
				SWIFT_VERSION = 5.0;
				TARGETED_DEVICE_FAMILY = 1;
			};
			name = Debug;
		};
		49EB52652685E9F10043639A /* Release */ = {
			isa = XCBuildConfiguration;
			buildSettings = {
				ASSETCATALOG_COMPILER_APPICON_NAME = AppIcon;
				ASSETCATALOG_COMPILER_GLOBAL_ACCENT_COLOR_NAME = AccentColor;
				CODE_SIGN_STYLE = Automatic;
				DEVELOPMENT_TEAM = 4D59855NLU;
				INFOPLIST_FILE = Technical_Task_For_Flypika/Info.plist;
				LD_RUNPATH_SEARCH_PATHS = (
					"$(inherited)",
					"@executable_path/Frameworks",
				);
				PRODUCT_BUNDLE_IDENTIFIER = "BGP.Technical-Task-For-Flypika";
				PRODUCT_NAME = "$(TARGET_NAME)";
				SWIFT_VERSION = 5.0;
				TARGETED_DEVICE_FAMILY = 1;
			};
			name = Release;
		};
/* End XCBuildConfiguration section */

/* Begin XCConfigurationList section */
		49EB524A2685E9EF0043639A /* Build configuration list for PBXProject "Technical_Task_For_Flypika" */ = {
			isa = XCConfigurationList;
			buildConfigurations = (
				49EB52612685E9F10043639A /* Debug */,
				49EB52622685E9F10043639A /* Release */,
			);
			defaultConfigurationIsVisible = 0;
			defaultConfigurationName = Release;
		};
		49EB52632685E9F10043639A /* Build configuration list for PBXNativeTarget "Technical_Task_For_Flypika" */ = {
			isa = XCConfigurationList;
			buildConfigurations = (
				49EB52642685E9F10043639A /* Debug */,
				49EB52652685E9F10043639A /* Release */,
			);
			defaultConfigurationIsVisible = 0;
			defaultConfigurationName = Release;
		};
/* End XCConfigurationList section */
	};
	rootObject = 49EB52472685E9EF0043639A /* Project object */;
}
